
Microsoft Visual Studio Solution File, Format Version 12.00
# Visual Studio Version 17
VisualStudioVersion = 17.4.33110.190
MinimumVisualStudioVersion = 10.0.40219.1
Project("{FAE04EC0-301F-11D3-BF4B-00C04F79EFBC}") = "WebApplication1", "WebApplication1.csproj", "{9721C2D5-71FE-46F8-B5C5-19B4D9CAD73E}"
EndProject
Global
	GlobalSection(SolutionConfigurationPlatforms) = preSolution
		Debug|Any CPU = Debug|Any CPU
		Release|Any CPU = Release|Any CPU
	EndGlobalSection
	GlobalSection(ProjectConfigurationPlatforms) = postSolution
		{9721C2D5-71FE-46F8-B5C5-19B4D9CAD73E}.Debug|Any CPU.ActiveCfg = Debug|Any CPU
		{9721C2D5-71FE-46F8-B5C5-19B4D9CAD73E}.Debug|Any CPU.Build.0 = Debug|Any CPU
		{9721C2D5-71FE-46F8-B5C5-19B4D9CAD73E}.Release|Any CPU.ActiveCfg = Release|Any CPU
		{9721C2D5-71FE-46F8-B5C5-19B4D9CAD73E}.Release|Any CPU.Build.0 = Release|Any CPU
	EndGlobalSection
	GlobalSection(SolutionProperties) = preSolution
		HideSolutionNode = FALSE
	EndGlobalSection
	GlobalSection(ExtensibilityGlobals) = postSolution
		SolutionGuid = {2F213A13-14C4-433C-8564-363107B22F9B}
	EndGlobalSection
EndGlobal
